
Microsoft Visual Studio Solution File, Format Version 12.00
# Visual Studio Version 17
VisualStudioVersion = 17.2.32630.192
MinimumVisualStudioVersion = 10.0.40219.1
Project("{FAE04EC0-301F-11D3-BF4B-00C04F79EFBC}") = "appww1", "appww1\appww1.csproj", "{88D3640A-BA16-4FF5-A529-C6C423FBA30A}"
EndProject
Global
	GlobalSection(SolutionConfigurationPlatforms) = preSolution
		Debug|Any CPU = Debug|Any CPU
		Release|Any CPU = Release|Any CPU
	EndGlobalSection
	GlobalSection(ProjectConfigurationPlatforms) = postSolution
		{88D3640A-BA16-4FF5-A529-C6C423FBA30A}.Debug|Any CPU.ActiveCfg = Debug|Any CPU
		{88D3640A-BA16-4FF5-A529-C6C423FBA30A}.Debug|Any CPU.Build.0 = Debug|Any CPU
		{88D3640A-BA16-4FF5-A529-C6C423FBA30A}.Release|Any CPU.ActiveCfg = Release|Any CPU
		{88D3640A-BA16-4FF5-A529-C6C423FBA30A}.Release|Any CPU.Build.0 = Release|Any CPU
	EndGlobalSection
	GlobalSection(SolutionProperties) = preSolution
		HideSolutionNode = FALSE
	EndGlobalSection
	GlobalSection(ExtensibilityGlobals) = postSolution
		SolutionGuid = {B90D11CA-570B-4A2D-BE48-ECDA2E9B5BB0}
	EndGlobalSection
EndGlobal
